// !$*UTF8*$!
{
	archiveVersion = 1;
	classes = {
	};
	objectVersion = 77;
	objects = {

/* Begin PBXBuildFile section */
		49E3B7C42CE480430054A2D3 /* Spin & Pick Extension.appex in Embed Foundation Extensions */ = {isa = PBXBuildFile; fileRef = 49E3B7C32CE480430054A2D3 /* Spin & Pick Extension.appex */; settings = {ATTRIBUTES = (RemoveHeadersOnCopy, ); }; };
		49E3B7CE2CE480430054A2D3 /* Spin & Pick Extension.appex in Embed Foundation Extensions */ = {isa = PBXBuildFile; fileRef = 49E3B7CD2CE480430054A2D3 /* Spin & Pick Extension.appex */; settings = {ATTRIBUTES = (RemoveHeadersOnCopy, ); }; };
/* End PBXBuildFile section */

/* Begin PBXContainerItemProxy section */
		49E3B7C52CE480430054A2D3 /* PBXContainerItemProxy */ = {
			isa = PBXContainerItemProxy;
			containerPortal = 49E3B7892CE480420054A2D3 /* Project object */;
			proxyType = 1;
			remoteGlobalIDString = 49E3B7C22CE480430054A2D3;
			remoteInfo = "Spin & Pick Extension (iOS)";
		};
		49E3B7CF2CE480430054A2D3 /* PBXContainerItemProxy */ = {
			isa = PBXContainerItemProxy;
			containerPortal = 49E3B7892CE480420054A2D3 /* Project object */;
			proxyType = 1;
			remoteGlobalIDString = 49E3B7CC2CE480430054A2D3;
			remoteInfo = "Spin & Pick Extension (macOS)";
		};
/* End PBXContainerItemProxy section */

/* Begin PBXCopyFilesBuildPhase section */
		49E3B7F72CE480430054A2D3 /* Embed Foundation Extensions */ = {
			isa = PBXCopyFilesBuildPhase;
			buildActionMask = 2147483647;
			dstPath = "";
			dstSubfolderSpec = 13;
			files = (
				49E3B7C42CE480430054A2D3 /* Spin & Pick Extension.appex in Embed Foundation Extensions */,
			);
			name = "Embed Foundation Extensions";
			runOnlyForDeploymentPostprocessing = 0;
		};
		49E3B8012CE480430054A2D3 /* Embed Foundation Extensions */ = {
			isa = PBXCopyFilesBuildPhase;
			buildActionMask = 2147483647;
			dstPath = "";
			dstSubfolderSpec = 13;
			files = (
				49E3B7CE2CE480430054A2D3 /* Spin & Pick Extension.appex in Embed Foundation Extensions */,
			);
			name = "Embed Foundation Extensions";
			runOnlyForDeploymentPostprocessing = 0;
		};
/* End PBXCopyFilesBuildPhase section */

/* Begin PBXFileReference section */
		49E3B7A52CE480430054A2D3 /* Spin & Pick.app */ = {isa = PBXFileReference; explicitFileType = wrapper.application; includeInIndex = 0; path = "Spin & Pick.app"; sourceTree = BUILT_PRODUCTS_DIR; };
		49E3B7B72CE480430054A2D3 /* Spin & Pick.app */ = {isa = PBXFileReference; explicitFileType = wrapper.application; includeInIndex = 0; path = "Spin & Pick.app"; sourceTree = BUILT_PRODUCTS_DIR; };
		49E3B7C32CE480430054A2D3 /* Spin & Pick Extension.appex */ = {isa = PBXFileReference; explicitFileType = "wrapper.app-extension"; includeInIndex = 0; path = "Spin & Pick Extension.appex"; sourceTree = BUILT_PRODUCTS_DIR; };
		49E3B7CD2CE480430054A2D3 /* Spin & Pick Extension.appex */ = {isa = PBXFileReference; explicitFileType = "wrapper.app-extension"; includeInIndex = 0; path = "Spin & Pick Extension.appex"; sourceTree = BUILT_PRODUCTS_DIR; };
/* End PBXFileReference section */

/* Begin PBXFileSystemSynchronizedBuildFileExceptionSet section */
		49E3B7F22CE480430054A2D3 /* Exceptions for "Shared (App)" folder in "Spin & Pick (iOS)" target */ = {
			isa = PBXFileSystemSynchronizedBuildFileExceptionSet;
			membershipExceptions = (
				"/Localized: Resources/Main.html",
				Assets.xcassets,
				Resources/Icon.png,
				Resources/Script.js,
				Resources/Style.css,
				ViewController.swift,
			);
			target = 49E3B7A42CE480430054A2D3 /* Spin & Pick (iOS) */;
		};
		49E3B7F62CE480430054A2D3 /* Exceptions for "iOS (Extension)" folder in "Spin & Pick Extension (iOS)" target */ = {
			isa = PBXFileSystemSynchronizedBuildFileExceptionSet;
			membershipExceptions = (
				Info.plist,
			);
			target = 49E3B7C22CE480430054A2D3 /* Spin & Pick Extension (iOS) */;
		};
		49E3B7FB2CE480430054A2D3 /* Exceptions for "iOS (App)" folder in "Spin & Pick (iOS)" target */ = {
			isa = PBXFileSystemSynchronizedBuildFileExceptionSet;
			membershipExceptions = (
				Info.plist,
			);
			target = 49E3B7A42CE480430054A2D3 /* Spin & Pick (iOS) */;
		};
		49E3B7FC2CE480430054A2D3 /* Exceptions for "Shared (App)" folder in "Spin & Pick (macOS)" target */ = {
			isa = PBXFileSystemSynchronizedBuildFileExceptionSet;
			membershipExceptions = (
				"/Localized: Resources/Main.html",
				Assets.xcassets,
				Resources/Icon.png,
				Resources/Script.js,
				Resources/Style.css,
				ViewController.swift,
			);
			target = 49E3B7B62CE480430054A2D3 /* Spin & Pick (macOS) */;
		};
		49E3B8002CE480430054A2D3 /* Exceptions for "macOS (Extension)" folder in "Spin & Pick Extension (macOS)" target */ = {
			isa = PBXFileSystemSynchronizedBuildFileExceptionSet;
			membershipExceptions = (
				Info.plist,
			);
			target = 49E3B7CC2CE480430054A2D3 /* Spin & Pick Extension (macOS) */;
		};
		49E3B8052CE480430054A2D3 /* Exceptions for "Shared (Extension)" folder in "Spin & Pick Extension (iOS)" target */ = {
			isa = PBXFileSystemSynchronizedBuildFileExceptionSet;
			membershipExceptions = (
				Resources/_locales,
				Resources/content.js,
				Resources/images,
				Resources/manifest.json,
				Resources/popup.css,
				Resources/popup.html,
				Resources/popup.js,
				SafariWebExtensionHandler.swift,
			);
			target = 49E3B7C22CE480430054A2D3 /* Spin & Pick Extension (iOS) */;
		};
		49E3B8062CE480430054A2D3 /* Exceptions for "Shared (Extension)" folder in "Spin & Pick Extension (macOS)" target */ = {
			isa = PBXFileSystemSynchronizedBuildFileExceptionSet;
			membershipExceptions = (
				Resources/_locales,
				Resources/content.js,
				Resources/images,
				Resources/manifest.json,
				Resources/popup.css,
				Resources/popup.html,
				Resources/popup.js,
				SafariWebExtensionHandler.swift,
			);
			target = 49E3B7CC2CE480430054A2D3 /* Spin & Pick Extension (macOS) */;
		};
/* End PBXFileSystemSynchronizedBuildFileExceptionSet section */

/* Begin PBXFileSystemSynchronizedRootGroup section */
		49E3B78D2CE480420054A2D3 /* Shared (App) */ = {
			isa = PBXFileSystemSynchronizedRootGroup;
			exceptions = (
				49E3B7F22CE480430054A2D3 /* Exceptions for "Shared (App)" folder in "Spin & Pick (iOS)" target */,
				49E3B7FC2CE480430054A2D3 /* Exceptions for "Shared (App)" folder in "Spin & Pick (macOS)" target */,
			);
			path = "Shared (App)";
			sourceTree = "<group>";
		};
		49E3B7962CE480430054A2D3 /* Shared (Extension) */ = {
			isa = PBXFileSystemSynchronizedRootGroup;
			exceptions = (
				49E3B8052CE480430054A2D3 /* Exceptions for "Shared (Extension)" folder in "Spin & Pick Extension (iOS)" target */,
				49E3B8062CE480430054A2D3 /* Exceptions for "Shared (Extension)" folder in "Spin & Pick Extension (macOS)" target */,
			);
			explicitFolders = (
				Resources/_locales,
				Resources/images,
			);
			path = "Shared (Extension)";
			sourceTree = "<group>";
		};
		49E3B7A72CE480430054A2D3 /* iOS (App) */ = {
			isa = PBXFileSystemSynchronizedRootGroup;
			exceptions = (
				49E3B7FB2CE480430054A2D3 /* Exceptions for "iOS (App)" folder in "Spin & Pick (iOS)" target */,
			);
			path = "iOS (App)";
			sourceTree = "<group>";
		};
		49E3B7B82CE480430054A2D3 /* macOS (App) */ = {
			isa = PBXFileSystemSynchronizedRootGroup;
			path = "macOS (App)";
			sourceTree = "<group>";
		};
		49E3B7C72CE480430054A2D3 /* iOS (Extension) */ = {
			isa = PBXFileSystemSynchronizedRootGroup;
			exceptions = (
				49E3B7F62CE480430054A2D3 /* Exceptions for "iOS (Extension)" folder in "Spin & Pick Extension (iOS)" target */,
			);
			path = "iOS (Extension)";
			sourceTree = "<group>";
		};
		49E3B7D12CE480430054A2D3 /* macOS (Extension) */ = {
			isa = PBXFileSystemSynchronizedRootGroup;
			exceptions = (
				49E3B8002CE480430054A2D3 /* Exceptions for "macOS (Extension)" folder in "Spin & Pick Extension (macOS)" target */,
			);
			path = "macOS (Extension)";
			sourceTree = "<group>";
		};
/* End PBXFileSystemSynchronizedRootGroup section */

/* Begin PBXFrameworksBuildPhase section */
		49E3B7A22CE480430054A2D3 /* Frameworks */ = {
			isa = PBXFrameworksBuildPhase;
			buildActionMask = 2147483647;
			files = (
			);
			runOnlyForDeploymentPostprocessing = 0;
		};
		49E3B7B42CE480430054A2D3 /* Frameworks */ = {
			isa = PBXFrameworksBuildPhase;
			buildActionMask = 2147483647;
			files = (
			);
			runOnlyForDeploymentPostprocessing = 0;
		};
		49E3B7C02CE480430054A2D3 /* Frameworks */ = {
			isa = PBXFrameworksBuildPhase;
			buildActionMask = 2147483647;
			files = (
			);
			runOnlyForDeploymentPostprocessing = 0;
		};
		49E3B7CA2CE480430054A2D3 /* Frameworks */ = {
			isa = PBXFrameworksBuildPhase;
			buildActionMask = 2147483647;
			files = (
			);
			runOnlyForDeploymentPostprocessing = 0;
		};
/* End PBXFrameworksBuildPhase section */

/* Begin PBXGroup section */
		49E3B7882CE480420054A2D3 = {
			isa = PBXGroup;
			children = (
				49E3B78D2CE480420054A2D3 /* Shared (App) */,
				49E3B7962CE480430054A2D3 /* Shared (Extension) */,
				49E3B7A72CE480430054A2D3 /* iOS (App) */,
				49E3B7B82CE480430054A2D3 /* macOS (App) */,
				49E3B7C72CE480430054A2D3 /* iOS (Extension) */,
				49E3B7D12CE480430054A2D3 /* macOS (Extension) */,
				49E3B7A62CE480430054A2D3 /* Products */,
			);
			sourceTree = "<group>";
		};
		49E3B7A62CE480430054A2D3 /* Products */ = {
			isa = PBXGroup;
			children = (
				49E3B7A52CE480430054A2D3 /* Spin & Pick.app */,
				49E3B7B72CE480430054A2D3 /* Spin & Pick.app */,
				49E3B7C32CE480430054A2D3 /* Spin & Pick Extension.appex */,
				49E3B7CD2CE480430054A2D3 /* Spin & Pick Extension.appex */,
			);
			name = Products;
			sourceTree = "<group>";
		};
/* End PBXGroup section */

/* Begin PBXNativeTarget section */
		49E3B7A42CE480430054A2D3 /* Spin & Pick (iOS) */ = {
			isa = PBXNativeTarget;
			buildConfigurationList = 49E3B7F82CE480430054A2D3 /* Build configuration list for PBXNativeTarget "Spin & Pick (iOS)" */;
			buildPhases = (
				49E3B7A12CE480430054A2D3 /* Sources */,
				49E3B7A22CE480430054A2D3 /* Frameworks */,
				49E3B7A32CE480430054A2D3 /* Resources */,
				49E3B7F72CE480430054A2D3 /* Embed Foundation Extensions */,
			);
			buildRules = (
			);
			dependencies = (
				49E3B7C62CE480430054A2D3 /* PBXTargetDependency */,
			);
			fileSystemSynchronizedGroups = (
				49E3B7A72CE480430054A2D3 /* iOS (App) */,
			);
			name = "Spin & Pick (iOS)";
			packageProductDependencies = (
			);
			productName = "Spin & Pick (iOS)";
			productReference = 49E3B7A52CE480430054A2D3 /* Spin & Pick.app */;
			productType = "com.apple.product-type.application";
		};
		49E3B7B62CE480430054A2D3 /* Spin & Pick (macOS) */ = {
			isa = PBXNativeTarget;
			buildConfigurationList = 49E3B8022CE480430054A2D3 /* Build configuration list for PBXNativeTarget "Spin & Pick (macOS)" */;
			buildPhases = (
				49E3B7B32CE480430054A2D3 /* Sources */,
				49E3B7B42CE480430054A2D3 /* Frameworks */,
				49E3B7B52CE480430054A2D3 /* Resources */,
				49E3B8012CE480430054A2D3 /* Embed Foundation Extensions */,
			);
			buildRules = (
			);
			dependencies = (
				49E3B7D02CE480430054A2D3 /* PBXTargetDependency */,
			);
			fileSystemSynchronizedGroups = (
				49E3B7B82CE480430054A2D3 /* macOS (App) */,
			);
			name = "Spin & Pick (macOS)";
			packageProductDependencies = (
			);
			productName = "Spin & Pick (macOS)";
			productReference = 49E3B7B72CE480430054A2D3 /* Spin & Pick.app */;
			productType = "com.apple.product-type.application";
		};
		49E3B7C22CE480430054A2D3 /* Spin & Pick Extension (iOS) */ = {
			isa = PBXNativeTarget;
			buildConfigurationList = 49E3B7F32CE480430054A2D3 /* Build configuration list for PBXNativeTarget "Spin & Pick Extension (iOS)" */;
			buildPhases = (
				49E3B7BF2CE480430054A2D3 /* Sources */,
				49E3B7C02CE480430054A2D3 /* Frameworks */,
				49E3B7C12CE480430054A2D3 /* Resources */,
			);
			buildRules = (
			);
			dependencies = (
			);
			fileSystemSynchronizedGroups = (
				49E3B7C72CE480430054A2D3 /* iOS (Extension) */,
			);
			name = "Spin & Pick Extension (iOS)";
			packageProductDependencies = (
			);
			productName = "Spin & Pick Extension (iOS)";
			productReference = 49E3B7C32CE480430054A2D3 /* Spin & Pick Extension.appex */;
			productType = "com.apple.product-type.app-extension";
		};
		49E3B7CC2CE480430054A2D3 /* Spin & Pick Extension (macOS) */ = {
			isa = PBXNativeTarget;
			buildConfigurationList = 49E3B7FD2CE480430054A2D3 /* Build configuration list for PBXNativeTarget "Spin & Pick Extension (macOS)" */;
			buildPhases = (
				49E3B7C92CE480430054A2D3 /* Sources */,
				49E3B7CA2CE480430054A2D3 /* Frameworks */,
				49E3B7CB2CE480430054A2D3 /* Resources */,
			);
			buildRules = (
			);
			dependencies = (
			);
			fileSystemSynchronizedGroups = (
				49E3B7D12CE480430054A2D3 /* macOS (Extension) */,
			);
			name = "Spin & Pick Extension (macOS)";
			packageProductDependencies = (
			);
			productName = "Spin & Pick Extension (macOS)";
			productReference = 49E3B7CD2CE480430054A2D3 /* Spin & Pick Extension.appex */;
			productType = "com.apple.product-type.app-extension";
		};
/* End PBXNativeTarget section */

/* Begin PBXProject section */
		49E3B7892CE480420054A2D3 /* Project object */ = {
			isa = PBXProject;
			attributes = {
				BuildIndependentTargetsInParallel = 1;
				LastSwiftUpdateCheck = 1610;
				LastUpgradeCheck = 1610;
				TargetAttributes = {
					49E3B7A42CE480430054A2D3 = {
						CreatedOnToolsVersion = 16.1;
					};
					49E3B7B62CE480430054A2D3 = {
						CreatedOnToolsVersion = 16.1;
					};
					49E3B7C22CE480430054A2D3 = {
						CreatedOnToolsVersion = 16.1;
					};
					49E3B7CC2CE480430054A2D3 = {
						CreatedOnToolsVersion = 16.1;
					};
				};
			};
			buildConfigurationList = 49E3B78C2CE480420054A2D3 /* Build configuration list for PBXProject "Spin & Pick" */;
			developmentRegion = en;
			hasScannedForEncodings = 0;
			knownRegions = (
				en,
				Base,
			);
			mainGroup = 49E3B7882CE480420054A2D3;
			minimizedProjectReferenceProxies = 1;
			preferredProjectObjectVersion = 77;
			productRefGroup = 49E3B7A62CE480430054A2D3 /* Products */;
			projectDirPath = "";
			projectRoot = "";
			targets = (
				49E3B7A42CE480430054A2D3 /* Spin & Pick (iOS) */,
				49E3B7B62CE480430054A2D3 /* Spin & Pick (macOS) */,
				49E3B7C22CE480430054A2D3 /* Spin & Pick Extension (iOS) */,
				49E3B7CC2CE480430054A2D3 /* Spin & Pick Extension (macOS) */,
			);
		};
/* End PBXProject section */

/* Begin PBXResourcesBuildPhase section */
		49E3B7A32CE480430054A2D3 /* Resources */ = {
			isa = PBXResourcesBuildPhase;
			buildActionMask = 2147483647;
			files = (
			);
			runOnlyForDeploymentPostprocessing = 0;
		};
		49E3B7B52CE480430054A2D3 /* Resources */ = {
			isa = PBXResourcesBuildPhase;
			buildActionMask = 2147483647;
			files = (
			);
			runOnlyForDeploymentPostprocessing = 0;
		};
		49E3B7C12CE480430054A2D3 /* Resources */ = {
			isa = PBXResourcesBuildPhase;
			buildActionMask = 2147483647;
			files = (
			);
			runOnlyForDeploymentPostprocessing = 0;
		};
		49E3B7CB2CE480430054A2D3 /* Resources */ = {
			isa = PBXResourcesBuildPhase;
			buildActionMask = 2147483647;
			files = (
			);
			runOnlyForDeploymentPostprocessing = 0;
		};
/* End PBXResourcesBuildPhase section */

/* Begin PBXSourcesBuildPhase section */
		49E3B7A12CE480430054A2D3 /* Sources */ = {
			isa = PBXSourcesBuildPhase;
			buildActionMask = 2147483647;
			files = (
			);
			runOnlyForDeploymentPostprocessing = 0;
		};
		49E3B7B32CE480430054A2D3 /* Sources */ = {
			isa = PBXSourcesBuildPhase;
			buildActionMask = 2147483647;
			files = (
			);
			runOnlyForDeploymentPostprocessing = 0;
		};
		49E3B7BF2CE480430054A2D3 /* Sources */ = {
			isa = PBXSourcesBuildPhase;
			buildActionMask = 2147483647;
			files = (
			);
			runOnlyForDeploymentPostprocessing = 0;
		};
		49E3B7C92CE480430054A2D3 /* Sources */ = {
			isa = PBXSourcesBuildPhase;
			buildActionMask = 2147483647;
			files = (
			);
			runOnlyForDeploymentPostprocessing = 0;
		};
/* End PBXSourcesBuildPhase section */

/* Begin PBXTargetDependency section */
		49E3B7C62CE480430054A2D3 /* PBXTargetDependency */ = {
			isa = PBXTargetDependency;
			target = 49E3B7C22CE480430054A2D3 /* Spin & Pick Extension (iOS) */;
			targetProxy = 49E3B7C52CE480430054A2D3 /* PBXContainerItemProxy */;
		};
		49E3B7D02CE480430054A2D3 /* PBXTargetDependency */ = {
			isa = PBXTargetDependency;
			target = 49E3B7CC2CE480430054A2D3 /* Spin & Pick Extension (macOS) */;
			targetProxy = 49E3B7CF2CE480430054A2D3 /* PBXContainerItemProxy */;
		};
/* End PBXTargetDependency section */

/* Begin XCBuildConfiguration section */
		49E3B7F42CE480430054A2D3 /* Debug */ = {
			isa = XCBuildConfiguration;
			buildSettings = {
				CODE_SIGN_STYLE = Automatic;
				CURRENT_PROJECT_VERSION = 1;
				GENERATE_INFOPLIST_FILE = YES;
				INFOPLIST_FILE = "iOS (Extension)/Info.plist";
				INFOPLIST_KEY_CFBundleDisplayName = "Spin & Pick Extension";
				INFOPLIST_KEY_NSHumanReadableCopyright = "";
				IPHONEOS_DEPLOYMENT_TARGET = 15.0;
				LD_RUNPATH_SEARCH_PATHS = (
					"$(inherited)",
					"@executable_path/Frameworks",
					"@executable_path/../../Frameworks",
				);
				MARKETING_VERSION = 1.0;
				OTHER_LDFLAGS = (
					"-framework",
					SafariServices,
				);
				PRODUCT_BUNDLE_IDENTIFIER = "SkyFlare.Spin---Pick.Extension";
				PRODUCT_NAME = "Spin & Pick Extension";
				SDKROOT = iphoneos;
				SKIP_INSTALL = YES;
				SWIFT_EMIT_LOC_STRINGS = YES;
				SWIFT_VERSION = 5.0;
				TARGETED_DEVICE_FAMILY = "1,2";
			};
			name = Debug;
		};
		49E3B7F52CE480430054A2D3 /* Release */ = {
			isa = XCBuildConfiguration;
			buildSettings = {
				CODE_SIGN_STYLE = Automatic;
				CURRENT_PROJECT_VERSION = 1;
				GENERATE_INFOPLIST_FILE = YES;
				INFOPLIST_FILE = "iOS (Extension)/Info.plist";
				INFOPLIST_KEY_CFBundleDisplayName = "Spin & Pick Extension";
				INFOPLIST_KEY_NSHumanReadableCopyright = "";
				IPHONEOS_DEPLOYMENT_TARGET = 15.0;
				LD_RUNPATH_SEARCH_PATHS = (
					"$(inherited)",
					"@executable_path/Frameworks",
					"@executable_path/../../Frameworks",
				);
				MARKETING_VERSION = 1.0;
				OTHER_LDFLAGS = (
					"-framework",
					SafariServices,
				);
				PRODUCT_BUNDLE_IDENTIFIER = "SkyFlare.Spin---Pick.Extension";
				PRODUCT_NAME = "Spin & Pick Extension";
				SDKROOT = iphoneos;
				SKIP_INSTALL = YES;
				SWIFT_EMIT_LOC_STRINGS = YES;
				SWIFT_VERSION = 5.0;
				TARGETED_DEVICE_FAMILY = "1,2";
				VALIDATE_PRODUCT = YES;
			};
			name = Release;
		};
		49E3B7F92CE480430054A2D3 /* Debug */ = {
			isa = XCBuildConfiguration;
			buildSettings = {
				ASSETCATALOG_COMPILER_APPICON_NAME = AppIcon;
				ASSETCATALOG_COMPILER_GLOBAL_ACCENT_COLOR_NAME = AccentColor;
				CODE_SIGN_STYLE = Automatic;
				CURRENT_PROJECT_VERSION = 1;
				GENERATE_INFOPLIST_FILE = YES;
				INFOPLIST_FILE = "iOS (App)/Info.plist";
				INFOPLIST_KEY_CFBundleDisplayName = "Spin & Pick";
				INFOPLIST_KEY_UIApplicationSupportsIndirectInputEvents = YES;
				INFOPLIST_KEY_UILaunchStoryboardName = LaunchScreen;
				INFOPLIST_KEY_UIMainStoryboardFile = Main;
				INFOPLIST_KEY_UISupportedInterfaceOrientations = "UIInterfaceOrientationPortrait UIInterfaceOrientationLandscapeLeft UIInterfaceOrientationLandscapeRight";
				INFOPLIST_KEY_UISupportedInterfaceOrientations_iPad = "UIInterfaceOrientationPortrait UIInterfaceOrientationPortraitUpsideDown UIInterfaceOrientationLandscapeLeft UIInterfaceOrientationLandscapeRight";
				IPHONEOS_DEPLOYMENT_TARGET = 15.0;
				LD_RUNPATH_SEARCH_PATHS = (
					"$(inherited)",
					"@executable_path/Frameworks",
				);
				MARKETING_VERSION = 1.0;
				OTHER_LDFLAGS = (
					"-framework",
					SafariServices,
					"-framework",
					WebKit,
				);
				PRODUCT_BUNDLE_IDENTIFIER = "SkyFlare.Spin---Pick";
				PRODUCT_NAME = "Spin & Pick";
				SDKROOT = iphoneos;
				SWIFT_EMIT_LOC_STRINGS = YES;
				SWIFT_VERSION = 5.0;
				TARGETED_DEVICE_FAMILY = "1,2";
			};
			name = Debug;
		};
		49E3B7FA2CE480430054A2D3 /* Release */ = {
			isa = XCBuildConfiguration;
			buildSettings = {
				ASSETCATALOG_COMPILER_APPICON_NAME = AppIcon;
				ASSETCATALOG_COMPILER_GLOBAL_ACCENT_COLOR_NAME = AccentColor;
				CODE_SIGN_STYLE = Automatic;
				CURRENT_PROJECT_VERSION = 1;
				GENERATE_INFOPLIST_FILE = YES;
				INFOPLIST_FILE = "iOS (App)/Info.plist";
				INFOPLIST_KEY_CFBundleDisplayName = "Spin & Pick";
				INFOPLIST_KEY_UIApplicationSupportsIndirectInputEvents = YES;
				INFOPLIST_KEY_UILaunchStoryboardName = LaunchScreen;
				INFOPLIST_KEY_UIMainStoryboardFile = Main;
				INFOPLIST_KEY_UISupportedInterfaceOrientations = "UIInterfaceOrientationPortrait UIInterfaceOrientationLandscapeLeft UIInterfaceOrientationLandscapeRight";
				INFOPLIST_KEY_UISupportedInterfaceOrientations_iPad = "UIInterfaceOrientationPortrait UIInterfaceOrientationPortraitUpsideDown UIInterfaceOrientationLandscapeLeft UIInterfaceOrientationLandscapeRight";
				IPHONEOS_DEPLOYMENT_TARGET = 15.0;
				LD_RUNPATH_SEARCH_PATHS = (
					"$(inherited)",
					"@executable_path/Frameworks",
				);
				MARKETING_VERSION = 1.0;
				OTHER_LDFLAGS = (
					"-framework",
					SafariServices,
					"-framework",
					WebKit,
				);
				PRODUCT_BUNDLE_IDENTIFIER = "SkyFlare.Spin---Pick";
				PRODUCT_NAME = "Spin & Pick";
				SDKROOT = iphoneos;
				SWIFT_EMIT_LOC_STRINGS = YES;
				SWIFT_VERSION = 5.0;
				TARGETED_DEVICE_FAMILY = "1,2";
				VALIDATE_PRODUCT = YES;
			};
			name = Release;
		};
		49E3B7FE2CE480430054A2D3 /* Debug */ = {
			isa = XCBuildConfiguration;
			buildSettings = {
				CODE_SIGN_ENTITLEMENTS = "macOS (Extension)/Spin & Pick.entitlements";
				CODE_SIGN_STYLE = Automatic;
				CURRENT_PROJECT_VERSION = 1;
				ENABLE_HARDENED_RUNTIME = YES;
				GENERATE_INFOPLIST_FILE = YES;
				INFOPLIST_FILE = "macOS (Extension)/Info.plist";
				INFOPLIST_KEY_CFBundleDisplayName = "Spin & Pick Extension";
				INFOPLIST_KEY_NSHumanReadableCopyright = "";
				LD_RUNPATH_SEARCH_PATHS = (
					"$(inherited)",
					"@executable_path/../Frameworks",
					"@executable_path/../../../../Frameworks",
				);
				MACOSX_DEPLOYMENT_TARGET = 10.14;
				MARKETING_VERSION = 1.0;
				OTHER_LDFLAGS = (
					"-framework",
					SafariServices,
				);
				PRODUCT_BUNDLE_IDENTIFIER = "SkyFlare.Spin---Pick.Extension";
				PRODUCT_NAME = "Spin & Pick Extension";
				SDKROOT = macosx;
				SKIP_INSTALL = YES;
				SWIFT_EMIT_LOC_STRINGS = YES;
				SWIFT_VERSION = 5.0;
			};
			name = Debug;
		};
		49E3B7FF2CE480430054A2D3 /* Release */ = {
			isa = XCBuildConfiguration;
			buildSettings = {
				CODE_SIGN_ENTITLEMENTS = "macOS (Extension)/Spin & Pick.entitlements";
				CODE_SIGN_STYLE = Automatic;
				CURRENT_PROJECT_VERSION = 1;
				ENABLE_HARDENED_RUNTIME = YES;
				GENERATE_INFOPLIST_FILE = YES;
				INFOPLIST_FILE = "macOS (Extension)/Info.plist";
				INFOPLIST_KEY_CFBundleDisplayName = "Spin & Pick Extension";
				INFOPLIST_KEY_NSHumanReadableCopyright = "";
				LD_RUNPATH_SEARCH_PATHS = (
					"$(inherited)",
					"@executable_path/../Frameworks",
					"@executable_path/../../../../Frameworks",
				);
				MACOSX_DEPLOYMENT_TARGET = 10.14;
				MARKETING_VERSION = 1.0;
				OTHER_LDFLAGS = (
					"-framework",
					SafariServices,
				);
				PRODUCT_BUNDLE_IDENTIFIER = "SkyFlare.Spin---Pick.Extension";
				PRODUCT_NAME = "Spin & Pick Extension";
				SDKROOT = macosx;
				SKIP_INSTALL = YES;
				SWIFT_EMIT_LOC_STRINGS = YES;
				SWIFT_VERSION = 5.0;
			};
			name = Release;
		};
		49E3B8032CE480430054A2D3 /* Debug */ = {
			isa = XCBuildConfiguration;
			buildSettings = {
				ASSETCATALOG_COMPILER_APPICON_NAME = AppIcon;
				ASSETCATALOG_COMPILER_GLOBAL_ACCENT_COLOR_NAME = AccentColor;
				CODE_SIGN_ENTITLEMENTS = "macOS (App)/Spin & Pick.entitlements";
				CODE_SIGN_STYLE = Automatic;
				CURRENT_PROJECT_VERSION = 1;
				ENABLE_HARDENED_RUNTIME = YES;
				GENERATE_INFOPLIST_FILE = YES;
				INFOPLIST_KEY_CFBundleDisplayName = "Spin & Pick";
				INFOPLIST_KEY_NSMainStoryboardFile = Main;
				INFOPLIST_KEY_NSPrincipalClass = NSApplication;
				LD_RUNPATH_SEARCH_PATHS = (
					"$(inherited)",
					"@executable_path/../Frameworks",
				);
				MACOSX_DEPLOYMENT_TARGET = 10.14;
				MARKETING_VERSION = 1.0;
				OTHER_LDFLAGS = (
					"-framework",
					SafariServices,
					"-framework",
					WebKit,
				);
				PRODUCT_BUNDLE_IDENTIFIER = "SkyFlare.Spin---Pick";
				PRODUCT_NAME = "Spin & Pick";
				SDKROOT = macosx;
				SWIFT_EMIT_LOC_STRINGS = YES;
				SWIFT_VERSION = 5.0;
			};
			name = Debug;
		};
		49E3B8042CE480430054A2D3 /* Release */ = {
			isa = XCBuildConfiguration;
			buildSettings = {
				ASSETCATALOG_COMPILER_APPICON_NAME = AppIcon;
				ASSETCATALOG_COMPILER_GLOBAL_ACCENT_COLOR_NAME = AccentColor;
				CODE_SIGN_ENTITLEMENTS = "macOS (App)/Spin & Pick.entitlements";
				CODE_SIGN_STYLE = Automatic;
				CURRENT_PROJECT_VERSION = 1;
				ENABLE_HARDENED_RUNTIME = YES;
				GENERATE_INFOPLIST_FILE = YES;
				INFOPLIST_KEY_CFBundleDisplayName = "Spin & Pick";
				INFOPLIST_KEY_NSMainStoryboardFile = Main;
				INFOPLIST_KEY_NSPrincipalClass = NSApplication;
				LD_RUNPATH_SEARCH_PATHS = (
					"$(inherited)",
					"@executable_path/../Frameworks",
				);
				MACOSX_DEPLOYMENT_TARGET = 10.14;
				MARKETING_VERSION = 1.0;
				OTHER_LDFLAGS = (
					"-framework",
					SafariServices,
					"-framework",
					WebKit,
				);
				PRODUCT_BUNDLE_IDENTIFIER = "SkyFlare.Spin---Pick";
				PRODUCT_NAME = "Spin & Pick";
				SDKROOT = macosx;
				SWIFT_EMIT_LOC_STRINGS = YES;
				SWIFT_VERSION = 5.0;
			};
			name = Release;
		};
		49E3B8072CE480430054A2D3 /* Debug */ = {
			isa = XCBuildConfiguration;
			buildSettings = {
				ALWAYS_SEARCH_USER_PATHS = NO;
				ASSETCATALOG_COMPILER_GENERATE_SWIFT_ASSET_SYMBOL_EXTENSIONS = YES;
				CLANG_ANALYZER_NONNULL = YES;
				CLANG_ANALYZER_NUMBER_OBJECT_CONVERSION = YES_AGGRESSIVE;
				CLANG_CXX_LANGUAGE_STANDARD = "gnu++20";
				CLANG_ENABLE_MODULES = YES;
				CLANG_ENABLE_OBJC_ARC = YES;
				CLANG_ENABLE_OBJC_WEAK = YES;
				CLANG_WARN_BLOCK_CAPTURE_AUTORELEASING = YES;
				CLANG_WARN_BOOL_CONVERSION = YES;
				CLANG_WARN_COMMA = YES;
				CLANG_WARN_CONSTANT_CONVERSION = YES;
				CLANG_WARN_DEPRECATED_OBJC_IMPLEMENTATIONS = YES;
				CLANG_WARN_DIRECT_OBJC_ISA_USAGE = YES_ERROR;
				CLANG_WARN_DOCUMENTATION_COMMENTS = YES;
				CLANG_WARN_EMPTY_BODY = YES;
				CLANG_WARN_ENUM_CONVERSION = YES;
				CLANG_WARN_INFINITE_RECURSION = YES;
				CLANG_WARN_INT_CONVERSION = YES;
				CLANG_WARN_NON_LITERAL_NULL_CONVERSION = YES;
				CLANG_WARN_OBJC_IMPLICIT_RETAIN_SELF = YES;
				CLANG_WARN_OBJC_LITERAL_CONVERSION = YES;
				CLANG_WARN_OBJC_ROOT_CLASS = YES_ERROR;
				CLANG_WARN_QUOTED_INCLUDE_IN_FRAMEWORK_HEADER = YES;
				CLANG_WARN_RANGE_LOOP_ANALYSIS = YES;
				CLANG_WARN_STRICT_PROTOTYPES = YES;
				CLANG_WARN_SUSPICIOUS_MOVE = YES;
				CLANG_WARN_UNGUARDED_AVAILABILITY = YES_AGGRESSIVE;
				CLANG_WARN_UNREACHABLE_CODE = YES;
				CLANG_WARN__DUPLICATE_METHOD_MATCH = YES;
				COPY_PHASE_STRIP = NO;
				DEBUG_INFORMATION_FORMAT = dwarf;
				ENABLE_STRICT_OBJC_MSGSEND = YES;
				ENABLE_TESTABILITY = YES;
				ENABLE_USER_SCRIPT_SANDBOXING = YES;
				GCC_C_LANGUAGE_STANDARD = gnu17;
				GCC_DYNAMIC_NO_PIC = NO;
				GCC_NO_COMMON_BLOCKS = YES;
				GCC_OPTIMIZATION_LEVEL = 0;
				GCC_PREPROCESSOR_DEFINITIONS = (
					"DEBUG=1",
					"$(inherited)",
				);
				GCC_WARN_64_TO_32_BIT_CONVERSION = YES;
				GCC_WARN_ABOUT_RETURN_TYPE = YES_ERROR;
				GCC_WARN_UNDECLARED_SELECTOR = YES;
				GCC_WARN_UNINITIALIZED_AUTOS = YES_AGGRESSIVE;
				GCC_WARN_UNUSED_FUNCTION = YES;
				GCC_WARN_UNUSED_VARIABLE = YES;
				LOCALIZATION_PREFERS_STRING_CATALOGS = YES;
				MTL_ENABLE_DEBUG_INFO = INCLUDE_SOURCE;
				MTL_FAST_MATH = YES;
				ONLY_ACTIVE_ARCH = YES;
				SWIFT_ACTIVE_COMPILATION_CONDITIONS = "DEBUG $(inherited)";
				SWIFT_OPTIMIZATION_LEVEL = "-Onone";
			};
			name = Debug;
		};
		49E3B8082CE480430054A2D3 /* Release */ = {
			isa = XCBuildConfiguration;
			buildSettings = {
				ALWAYS_SEARCH_USER_PATHS = NO;
				ASSETCATALOG_COMPILER_GENERATE_SWIFT_ASSET_SYMBOL_EXTENSIONS = YES;
				CLANG_ANALYZER_NONNULL = YES;
				CLANG_ANALYZER_NUMBER_OBJECT_CONVERSION = YES_AGGRESSIVE;
				CLANG_CXX_LANGUAGE_STANDARD = "gnu++20";
				CLANG_ENABLE_MODULES = YES;
				CLANG_ENABLE_OBJC_ARC = YES;
				CLANG_ENABLE_OBJC_WEAK = YES;
				CLANG_WARN_BLOCK_CAPTURE_AUTORELEASING = YES;
				CLANG_WARN_BOOL_CONVERSION = YES;
				CLANG_WARN_COMMA = YES;
				CLANG_WARN_CONSTANT_CONVERSION = YES;
				CLANG_WARN_DEPRECATED_OBJC_IMPLEMENTATIONS = YES;
				CLANG_WARN_DIRECT_OBJC_ISA_USAGE = YES_ERROR;
				CLANG_WARN_DOCUMENTATION_COMMENTS = YES;
				CLANG_WARN_EMPTY_BODY = YES;
				CLANG_WARN_ENUM_CONVERSION = YES;
				CLANG_WARN_INFINITE_RECURSION = YES;
				CLANG_WARN_INT_CONVERSION = YES;
				CLANG_WARN_NON_LITERAL_NULL_CONVERSION = YES;
				CLANG_WARN_OBJC_IMPLICIT_RETAIN_SELF = YES;
				CLANG_WARN_OBJC_LITERAL_CONVERSION = YES;
				CLANG_WARN_OBJC_ROOT_CLASS = YES_ERROR;
				CLANG_WARN_QUOTED_INCLUDE_IN_FRAMEWORK_HEADER = YES;
				CLANG_WARN_RANGE_LOOP_ANALYSIS = YES;
				CLANG_WARN_STRICT_PROTOTYPES = YES;
				CLANG_WARN_SUSPICIOUS_MOVE = YES;
				CLANG_WARN_UNGUARDED_AVAILABILITY = YES_AGGRESSIVE;
				CLANG_WARN_UNREACHABLE_CODE = YES;
				CLANG_WARN__DUPLICATE_METHOD_MATCH = YES;
				COPY_PHASE_STRIP = NO;
				DEBUG_INFORMATION_FORMAT = "dwarf-with-dsym";
				ENABLE_NS_ASSERTIONS = NO;
				ENABLE_STRICT_OBJC_MSGSEND = YES;
				ENABLE_USER_SCRIPT_SANDBOXING = YES;
				GCC_C_LANGUAGE_STANDARD = gnu17;
				GCC_NO_COMMON_BLOCKS = YES;
				GCC_WARN_64_TO_32_BIT_CONVERSION = YES;
				GCC_WARN_ABOUT_RETURN_TYPE = YES_ERROR;
				GCC_WARN_UNDECLARED_SELECTOR = YES;
				GCC_WARN_UNINITIALIZED_AUTOS = YES_AGGRESSIVE;
				GCC_WARN_UNUSED_FUNCTION = YES;
				GCC_WARN_UNUSED_VARIABLE = YES;
				LOCALIZATION_PREFERS_STRING_CATALOGS = YES;
				MTL_ENABLE_DEBUG_INFO = NO;
				MTL_FAST_MATH = YES;
				SWIFT_COMPILATION_MODE = wholemodule;
			};
			name = Release;
		};
/* End XCBuildConfiguration section */

/* Begin XCConfigurationList section */
		49E3B78C2CE480420054A2D3 /* Build configuration list for PBXProject "Spin & Pick" */ = {
			isa = XCConfigurationList;
			buildConfigurations = (
				49E3B8072CE480430054A2D3 /* Debug */,
				49E3B8082CE480430054A2D3 /* Release */,
			);
			defaultConfigurationIsVisible = 0;
			defaultConfigurationName = Release;
		};
		49E3B7F32CE480430054A2D3 /* Build configuration list for PBXNativeTarget "Spin & Pick Extension (iOS)" */ = {
			isa = XCConfigurationList;
			buildConfigurations = (
				49E3B7F42CE480430054A2D3 /* Debug */,
				49E3B7F52CE480430054A2D3 /* Release */,
			);
			defaultConfigurationIsVisible = 0;
			defaultConfigurationName = Release;
		};
		49E3B7F82CE480430054A2D3 /* Build configuration list for PBXNativeTarget "Spin & Pick (iOS)" */ = {
			isa = XCConfigurationList;
			buildConfigurations = (
				49E3B7F92CE480430054A2D3 /* Debug */,
				49E3B7FA2CE480430054A2D3 /* Release */,
			);
			defaultConfigurationIsVisible = 0;
			defaultConfigurationName = Release;
		};
		49E3B7FD2CE480430054A2D3 /* Build configuration list for PBXNativeTarget "Spin & Pick Extension (macOS)" */ = {
			isa = XCConfigurationList;
			buildConfigurations = (
				49E3B7FE2CE480430054A2D3 /* Debug */,
				49E3B7FF2CE480430054A2D3 /* Release */,
			);
			defaultConfigurationIsVisible = 0;
			defaultConfigurationName = Release;
		};
		49E3B8022CE480430054A2D3 /* Build configuration list for PBXNativeTarget "Spin & Pick (macOS)" */ = {
			isa = XCConfigurationList;
			buildConfigurations = (
				49E3B8032CE480430054A2D3 /* Debug */,
				49E3B8042CE480430054A2D3 /* Release */,
			);
			defaultConfigurationIsVisible = 0;
			defaultConfigurationName = Release;
		};
/* End XCConfigurationList section */
	};
	rootObject = 49E3B7892CE480420054A2D3 /* Project object */;
}
